# This file is automatically @generated by Cargo.
# It is not intended for manual editing.
version = 3

[[package]]
name = "market_fsk"
version = "0.1.0"
dependencies = [
 "unitn_market_2022",
]

[[package]]
name = "unitn_market_2022"
version = "1.0.2"
source = "registry+git://advancedprogramming.disi.unitn.it/index"
checksum = "6344a4738bdfcd31be694905664f1e681612c035eff19248b7bc75e7ab354eea"
